
Microsoft Visual Studio Solution File, Format Version 11.00
# Visual Studio 2010
Project("{FAE04EC0-301F-11D3-BF4B-00C04F79EFBC}") = "Assembly-CSharp", "Assembly-CSharp.csproj", "{daf5ea0a-43e4-3507-7c68-d559a2dc37c3}"
EndProject
Project("{FAE04EC0-301F-11D3-BF4B-00C04F79EFBC}") = "Assembly-CSharp-Editor", "Assembly-CSharp-Editor.csproj", "{9204f107-6de1-3160-dd71-359d1a40688c}"
EndProject
Global
	GlobalSection(SolutionConfigurationPlatforms) = preSolution
		Debug|Any CPU = Debug|Any CPU
		Release|Any CPU = Release|Any CPU
	EndGlobalSection
	GlobalSection(ProjectConfigurationPlatforms) = postSolution
		{daf5ea0a-43e4-3507-7c68-d559a2dc37c3}.Debug|Any CPU.ActiveCfg = Debug|Any CPU
		{daf5ea0a-43e4-3507-7c68-d559a2dc37c3}.Debug|Any CPU.Build.0 = Debug|Any CPU
		{daf5ea0a-43e4-3507-7c68-d559a2dc37c3}.Release|Any CPU.ActiveCfg = Release|Any CPU
		{daf5ea0a-43e4-3507-7c68-d559a2dc37c3}.Release|Any CPU.Build.0 = Release|Any CPU
		{9204f107-6de1-3160-dd71-359d1a40688c}.Debug|Any CPU.ActiveCfg = Debug|Any CPU
		{9204f107-6de1-3160-dd71-359d1a40688c}.Debug|Any CPU.Build.0 = Debug|Any CPU
		{9204f107-6de1-3160-dd71-359d1a40688c}.Release|Any CPU.ActiveCfg = Release|Any CPU
		{9204f107-6de1-3160-dd71-359d1a40688c}.Release|Any CPU.Build.0 = Release|Any CPU
	EndGlobalSection
	GlobalSection(SolutionProperties) = preSolution
		HideSolutionNode = FALSE
	EndGlobalSection
EndGlobal
